PODS:
  - Alamofire (5.6.2)
  - Kingfisher (7.4.0)
  - SwiftHash (2.0.2)

DEPENDENCIES:
  - Alamofire
  - Kingfisher (~> 7.0)
  - SwiftHash

SPEC REPOS:
  trunk:
    - Alamofire
    - Kingfisher
    - SwiftHash

SPEC CHECKSUMS:
  Alamofire: d368e1ff8a298e6dde360e35a3e68e6c610e7204
  Kingfisher: 596b207973051aae5e4c54a1c1cb39837ea10d36
  SwiftHash: 6d312abe61c8359bdef8d0093642f3a70b1c17ba

PODFILE CHECKSUM: 447f1a8500c84e64b8fc8077d95e62ae0f1182e9

COCOAPODS: 1.11.3
